
Microsoft Visual Studio Solution File, Format Version 12.00
# Visual Studio Version 16
VisualStudioVersion = 16.0.32106.194
MinimumVisualStudioVersion = 10.0.40219.1
Project("{FAE04EC0-301F-11D3-BF4B-00C04F79EFBC}") = "ExoticFruits.Android", "ExoticFruits.Android\ExoticFruits.Android.csproj", "{F47EEC74-B4BE-473E-B56E-5329C15BA68D}"
EndProject
Project("{FAE04EC0-301F-11D3-BF4B-00C04F79EFBC}") = "ExoticFruits.iOS", "ExoticFruits.iOS\ExoticFruits.iOS.csproj", "{4000BEF5-F988-4507-BC99-7255D1F95C16}"
EndProject
Project("{FAE04EC0-301F-11D3-BF4B-00C04F79EFBC}") = "ExoticFruits", "ExoticFruits\ExoticFruits.csproj", "{947B8084-B221-417B-93F4-92CEA34DC1A2}"
EndProject
Global
	GlobalSection(SolutionConfigurationPlatforms) = preSolution
		Debug|Any CPU = Debug|Any CPU
		Debug|iPhone = Debug|iPhone
		Debug|iPhoneSimulator = Debug|iPhoneSimulator
		Release|Any CPU = Release|Any CPU
		Release|iPhone = Release|iPhone
		Release|iPhoneSimulator = Release|iPhoneSimulator
	EndGlobalSection
	GlobalSection(ProjectConfigurationPlatforms) = postSolution
		{F47EEC74-B4BE-473E-B56E-5329C15BA68D}.Debug|Any CPU.ActiveCfg = Debug|Any CPU
		{F47EEC74-B4BE-473E-B56E-5329C15BA68D}.Debug|Any CPU.Build.0 = Debug|Any CPU
		{F47EEC74-B4BE-473E-B56E-5329C15BA68D}.Debug|Any CPU.Deploy.0 = Debug|Any CPU
		{F47EEC74-B4BE-473E-B56E-5329C15BA68D}.Debug|iPhone.ActiveCfg = Debug|Any CPU
		{F47EEC74-B4BE-473E-B56E-5329C15BA68D}.Debug|iPhone.Build.0 = Debug|Any CPU
		{F47EEC74-B4BE-473E-B56E-5329C15BA68D}.Debug|iPhone.Deploy.0 = Debug|Any CPU
		{F47EEC74-B4BE-473E-B56E-5329C15BA68D}.Debug|iPhoneSimulator.ActiveCfg = Debug|Any CPU
		{F47EEC74-B4BE-473E-B56E-5329C15BA68D}.Debug|iPhoneSimulator.Build.0 = Debug|Any CPU
		{F47EEC74-B4BE-473E-B56E-5329C15BA68D}.Debug|iPhoneSimulator.Deploy.0 = Debug|Any CPU
		{F47EEC74-B4BE-473E-B56E-5329C15BA68D}.Release|Any CPU.ActiveCfg = Release|Any CPU
		{F47EEC74-B4BE-473E-B56E-5329C15BA68D}.Release|Any CPU.Build.0 = Release|Any CPU
		{F47EEC74-B4BE-473E-B56E-5329C15BA68D}.Release|Any CPU.Deploy.0 = Release|Any CPU
		{F47EEC74-B4BE-473E-B56E-5329C15BA68D}.Release|iPhone.ActiveCfg = Release|Any CPU
		{F47EEC74-B4BE-473E-B56E-5329C15BA68D}.Release|iPhone.Build.0 = Release|Any CPU
		{F47EEC74-B4BE-473E-B56E-5329C15BA68D}.Release|iPhone.Deploy.0 = Release|Any CPU
		{F47EEC74-B4BE-473E-B56E-5329C15BA68D}.Release|iPhoneSimulator.ActiveCfg = Release|Any CPU
		{F47EEC74-B4BE-473E-B56E-5329C15BA68D}.Release|iPhoneSimulator.Build.0 = Release|Any CPU
		{F47EEC74-B4BE-473E-B56E-5329C15BA68D}.Release|iPhoneSimulator.Deploy.0 = Release|Any CPU
		{4000BEF5-F988-4507-BC99-7255D1F95C16}.Debug|Any CPU.ActiveCfg = Debug|iPhone
		{4000BEF5-F988-4507-BC99-7255D1F95C16}.Debug|Any CPU.Build.0 = Debug|iPhone
		{4000BEF5-F988-4507-BC99-7255D1F95C16}.Debug|Any CPU.Deploy.0 = Debug|iPhone
		{4000BEF5-F988-4507-BC99-7255D1F95C16}.Debug|iPhone.ActiveCfg = Debug|iPhone
		{4000BEF5-F988-4507-BC99-7255D1F95C16}.Debug|iPhone.Build.0 = Debug|iPhone
		{4000BEF5-F988-4507-BC99-7255D1F95C16}.Debug|iPhone.Deploy.0 = Debug|iPhone
		{4000BEF5-F988-4507-BC99-7255D1F95C16}.Debug|iPhoneSimulator.ActiveCfg = Debug|iPhoneSimulator
		{4000BEF5-F988-4507-BC99-7255D1F95C16}.Debug|iPhoneSimulator.Build.0 = Debug|iPhoneSimulator
		{4000BEF5-F988-4507-BC99-7255D1F95C16}.Debug|iPhoneSimulator.Deploy.0 = Debug|iPhoneSimulator
		{4000BEF5-F988-4507-BC99-7255D1F95C16}.Release|Any CPU.ActiveCfg = Release|iPhoneSimulator
		{4000BEF5-F988-4507-BC99-7255D1F95C16}.Release|Any CPU.Build.0 = Release|iPhoneSimulator
		{4000BEF5-F988-4507-BC99-7255D1F95C16}.Release|Any CPU.Deploy.0 = Release|iPhoneSimulator
		{4000BEF5-F988-4507-BC99-7255D1F95C16}.Release|iPhone.ActiveCfg = Release|iPhone
		{4000BEF5-F988-4507-BC99-7255D1F95C16}.Release|iPhone.Build.0 = Release|iPhone
		{4000BEF5-F988-4507-BC99-7255D1F95C16}.Release|iPhone.Deploy.0 = Release|iPhone
		{4000BEF5-F988-4507-BC99-7255D1F95C16}.Release|iPhoneSimulator.ActiveCfg = Release|iPhoneSimulator
		{4000BEF5-F988-4507-BC99-7255D1F95C16}.Release|iPhoneSimulator.Build.0 = Release|iPhoneSimulator
		{4000BEF5-F988-4507-BC99-7255D1F95C16}.Release|iPhoneSimulator.Deploy.0 = Release|iPhoneSimulator
		{947B8084-B221-417B-93F4-92CEA34DC1A2}.Debug|Any CPU.ActiveCfg = Debug|Any CPU
		{947B8084-B221-417B-93F4-92CEA34DC1A2}.Debug|Any CPU.Build.0 = Debug|Any CPU
		{947B8084-B221-417B-93F4-92CEA34DC1A2}.Debug|Any CPU.Deploy.0 = Debug|Any CPU
		{947B8084-B221-417B-93F4-92CEA34DC1A2}.Debug|iPhone.ActiveCfg = Debug|Any CPU
		{947B8084-B221-417B-93F4-92CEA34DC1A2}.Debug|iPhone.Build.0 = Debug|Any CPU
		{947B8084-B221-417B-93F4-92CEA34DC1A2}.Debug|iPhone.Deploy.0 = Debug|Any CPU
		{947B8084-B221-417B-93F4-92CEA34DC1A2}.Debug|iPhoneSimulator.ActiveCfg = Debug|Any CPU
		{947B8084-B221-417B-93F4-92CEA34DC1A2}.Debug|iPhoneSimulator.Build.0 = Debug|Any CPU
		{947B8084-B221-417B-93F4-92CEA34DC1A2}.Debug|iPhoneSimulator.Deploy.0 = Debug|Any CPU
		{947B8084-B221-417B-93F4-92CEA34DC1A2}.Release|Any CPU.ActiveCfg = Release|Any CPU
		{947B8084-B221-417B-93F4-92CEA34DC1A2}.Release|Any CPU.Build.0 = Release|Any CPU
		{947B8084-B221-417B-93F4-92CEA34DC1A2}.Release|Any CPU.Deploy.0 = Release|Any CPU
		{947B8084-B221-417B-93F4-92CEA34DC1A2}.Release|iPhone.ActiveCfg = Release|Any CPU
		{947B8084-B221-417B-93F4-92CEA34DC1A2}.Release|iPhone.Build.0 = Release|Any CPU
		{947B8084-B221-417B-93F4-92CEA34DC1A2}.Release|iPhone.Deploy.0 = Release|Any CPU
		{947B8084-B221-417B-93F4-92CEA34DC1A2}.Release|iPhoneSimulator.ActiveCfg = Release|Any CPU
		{947B8084-B221-417B-93F4-92CEA34DC1A2}.Release|iPhoneSimulator.Build.0 = Release|Any CPU
		{947B8084-B221-417B-93F4-92CEA34DC1A2}.Release|iPhoneSimulator.Deploy.0 = Release|Any CPU
	EndGlobalSection
	GlobalSection(SolutionProperties) = preSolution
		HideSolutionNode = FALSE
	EndGlobalSection
	GlobalSection(ExtensibilityGlobals) = postSolution
		SolutionGuid = {873FA781-088B-43FC-9917-472119A45574}
	EndGlobalSection
EndGlobal
